<?xml version="1.0" encoding="utf-8"?>
<Project ToolsVersion="4.0" xmlns="http://schemas.microsoft.com/developer/msbuild/2003">
  <ItemGroup>
    <FxCompile Include="Shader\ShaderW0.hlsl" />
  </ItemGroup>
  <ItemGroup>
    <ClCompile Include="Actor\Private\PinBall.cpp" />
    <ClCompile Include="Actor\Private\Shooter.cpp" />
    <ClCompile Include="Mesh\Private\UBall.cpp" />
    <ClCompile Include="Mesh\Private\URectangle.cpp" />
    <ClCompile Include="Core\Private\Primitive.cpp" />
    <ClCompile Include="ImGui\imgui.cpp" />
    <ClCompile Include="ImGui\imgui_demo.cpp" />
    <ClCompile Include="ImGui\imgui_draw.cpp" />
    <ClCompile Include="ImGui\imgui_impl_dx11.cpp" />
    <ClCompile Include="ImGui\imgui_impl_win32.cpp" />
    <ClCompile Include="ImGui\imgui_tables.cpp" />
    <ClCompile Include="ImGui\imgui_widgets.cpp" />
    <ClCompile Include="main.cpp" />
    <ClCompile Include="Manager\Private\ImGuiManager.cpp" />
    <ClCompile Include="Manager\Private\ScoreManager.cpp" />
    <ClCompile Include="Manager\Private\InputManager.cpp" />
    <ClCompile Include="Manager\Private\TimeManager.cpp" />
    <ClCompile Include="pch.cpp" />
    <ClCompile Include="Render\Private\Renderer.cpp" />
    <ClCompile Include="Mesh\Private\UTriangle.cpp" />
    <ClCompile Include="Scene\Private\Scene.cpp" />
    <ClCompile Include="UI\Private\Button.cpp" />
    <ClCompile Include="UI\Private\Text.cpp" />
    <ClCompile Include="UI\Private\UIElement.cpp" />
    <ClCompile Include="Scene\Private\LobbyScene.cpp">
      <Filter>Scene</Filter>
    </ClCompile>
    <ClCompile Include="Scene\Private\GameScene.cpp">
      <Filter>Scene</Filter>
    </ClCompile>
    <ClCompile Include="Manager\Private\UIManager.cpp">
      <Filter>UI</Filter>
    </ClCompile>
    <ClCompile Include="Manager\Private\SceneManager.cpp">
      <Filter>Scene</Filter>
    </ClCompile>
  </ItemGroup>
  <ItemGroup>
    <ClInclude Include="Actor\Public\PinBall.h" />
    <ClInclude Include="Actor\Public\Shooter.h" />
    <ClInclude Include="Asset\Sphere.h" />
    <ClInclude Include="Core\Public\Primitive.h" />
    <ClInclude Include="Global\Enum.h" />
    <ClInclude Include="Global\Function.h" />
    <ClInclude Include="Global\Macro.h" />
    <ClInclude Include="Global\Struct.h" />
    <ClInclude Include="ImGui\imconfig.h" />
    <ClInclude Include="ImGui\imgui.h" />
    <ClInclude Include="ImGui\imgui_impl_dx11.h" />
    <ClInclude Include="ImGui\imgui_impl_win32.h" />
    <ClInclude Include="ImGui\imgui_internal.h" />
    <ClInclude Include="ImGui\imstb_rectpack.h" />
    <ClInclude Include="ImGui\imstb_textedit.h" />
    <ClInclude Include="ImGui\imstb_truetype.h" />
    <ClInclude Include="Manager\Public\InputManager.h" />
    <ClInclude Include="Manager\Public\ImGuiManager.h" />
    <ClInclude Include="Manager\Public\ScoreManager.h" />
    <ClInclude Include="Manager\Public\TimeManager.h" />
    <ClInclude Include="Mesh\Public\URectangle.h" />
    <ClInclude Include="pch.h" />
    <ClInclude Include="Render\Public\Renderer.h" />
    <ClInclude Include="Asset\Triangle.h" />
    <ClInclude Include="Asset\Rectangle.h" />
    <ClInclude Include="Mesh\Public\UBall.h" />
    <ClInclude Include="Mesh\Public\UTriangle.h" />
    <ClInclude Include="Scene\Public\Scene.h" />
    <ClInclude Include="UI\Public\Button.h" />
    <ClInclude Include="UI\Public\Text.h" />
    <ClInclude Include="UI\Public\UIElement.h" />
    <ClInclude Include="Scene\Public\LobbyScene.h">
      <Filter>Scene</Filter>
    </ClInclude>
    <ClInclude Include="Scene\Public\GameScene.h">
      <Filter>Scene</Filter>
    </ClInclude>
    <ClInclude Include="Manager\Public\UIManager.h">
      <Filter>UI</Filter>
    </ClInclude>
    <ClInclude Include="Manager\Public\SceneManager.h">
      <Filter>Scene</Filter>
    </ClInclude>
  </ItemGroup>
  <ItemGroup>
    <Filter Include="UI">
      <UniqueIdentifier>{34439562-e49c-4206-8de0-f9851850bf30}</UniqueIdentifier>
    </Filter>
    <Filter Include="Scene">
      <UniqueIdentifier>{7357c4dd-55ee-4bec-a3ba-af7490ced8cc}</UniqueIdentifier>
    </Filter>
  </ItemGroup>
</Project>